{
  "originHash" : "40c624742c4911f585713dd301d0014dd51b190950943fd955b350b4e452df97",
  "pins" : [
    {
      "identity" : "liveview-client-swiftui",
      "kind" : "remoteSourceControl",
      "location" : "https://github.com/liveview-native/liveview-client-swiftui",
      "state" : {
        "revision" : "7f591cacc84ef4fa281a31f55eb01a6166756fd0",
        "version" : "0.4.0-rc.1"
      }
    },
    {
      "identity" : "liveview-native-core",
      "kind" : "remoteSourceControl",
      "location" : "https://github.com/liveview-native/liveview-native-core",
      "state" : {
        "revision" : "c067c8b458458c6eb01ef73f9e40e282aa79719a",
        "version" : "0.4.1-rc-2"
      }
    },
    {
      "identity" : "liveview-native-live-form",
      "kind" : "remoteSourceControl",
      "location" : "https://github.com/liveview-native/liveview-native-live-form",
      "state" : {
        "revision" : "e5017058204dca5b4f93f098bedef9b23288dea7",
        "version" : "0.4.0-rc.1"
      }
    },
    {
      "identity" : "swift-argument-parser",
      "kind" : "remoteSourceControl",
      "location" : "https://github.com/apple/swift-argument-parser",
      "state" : {
        "revision" : "41982a3656a71c768319979febd796c6fd111d5c",
        "version" : "1.5.0"
      }
    },
    {
      "identity" : "swift-async-algorithms",
      "kind" : "remoteSourceControl",
      "location" : "https://github.com/apple/swift-async-algorithms",
      "state" : {
        "revision" : "4c3ea81f81f0a25d0470188459c6d4bf20cf2f97",
        "version" : "1.0.3"
      }
    },
    {
      "identity" : "swift-collections",
      "kind" : "remoteSourceControl",
      "location" : "https://github.com/apple/swift-collections.git",
      "state" : {
        "revision" : "671108c96644956dddcd89dd59c203dcdb36cec7",
        "version" : "1.1.4"
      }
    },
    {
      "identity" : "swift-syntax",
      "kind" : "remoteSourceControl",
      "location" : "https://github.com/swiftlang/swift-syntax.git",
      "state" : {
        "revision" : "0687f71944021d616d34d922343dcef086855920",
        "version" : "600.0.1"
      }
    }
  ],
  "version" : 3
}
